PODS:
  - Alamofire (4.4.0)
  - SwiftGifOrigin (1.6.1)

DEPENDENCIES:
  - Alamofire (= 4.4.0)
  - SwiftGifOrigin (~> 1.6.1)

SPEC REPOS:
  https://github.com/cocoapods/specs.git:
    - Alamofire
    - SwiftGifOrigin

SPEC CHECKSUMS:
  Alamofire: dc44b1600b800eb63da6a19039a0083d62a6a62d
  SwiftGifOrigin: d6679d3ebe9df2e049a84bc52582635107b581f6

PODFILE CHECKSUM: 61f08af46d800e33a48c26f1fd2e70a2d50b85da

COCOAPODS: 1.5.3
